// !$*UTF8*$!
{
	archiveVersion = 1;
	classes = {
	};
	objectVersion = 46;
	objects = {

/* Begin PBXBuildFile section */
		D0042BFB19D78C5600E35483 /* YDLoginViewController.m in Sources */ = {isa = PBXBuildFile; fileRef = D0042BFA19D78C5600E35483 /* YDLoginViewController.m */; };
		D0042BFE19D792B400E35483 /* YDUser.m in Sources */ = {isa = PBXBuildFile; fileRef = D0042BFD19D792B400E35483 /* YDUser.m */; };
		D00FA5F819D4442B0000004A /* Foundation.framework in Frameworks */ = {isa = PBXBuildFile; fileRef = D00FA5F719D4442B0000004A /* Foundation.framework */; };
		D00FA5FA19D4442B0000004A /* CoreGraphics.framework in Frameworks */ = {isa = PBXBuildFile; fileRef = D00FA5F919D4442B0000004A /* CoreGraphics.framework */; };
		D00FA5FC19D4442B0000004A /* UIKit.framework in Frameworks */ = {isa = PBXBuildFile; fileRef = D00FA5FB19D4442B0000004A /* UIKit.framework */; };
		D00FA60219D4442B0000004A /* InfoPlist.strings in Resources */ = {isa = PBXBuildFile; fileRef = D00FA60019D4442B0000004A /* InfoPlist.strings */; };
		D00FA60A19D4442B0000004A /* Images.xcassets in Resources */ = {isa = PBXBuildFile; fileRef = D00FA60919D4442B0000004A /* Images.xcassets */; };
		D00FA61119D4442B0000004A /* XCTest.framework in Frameworks */ = {isa = PBXBuildFile; fileRef = D00FA61019D4442B0000004A /* XCTest.framework */; };
		D00FA61219D4442C0000004A /* Foundation.framework in Frameworks */ = {isa = PBXBuildFile; fileRef = D00FA5F719D4442B0000004A /* Foundation.framework */; };
		D00FA61319D4442C0000004A /* UIKit.framework in Frameworks */ = {isa = PBXBuildFile; fileRef = D00FA5FB19D4442B0000004A /* UIKit.framework */; };
		D00FA61B19D4442C0000004A /* InfoPlist.strings in Resources */ = {isa = PBXBuildFile; fileRef = D00FA61919D4442C0000004A /* InfoPlist.strings */; };
		D00FA61D19D4442C0000004A /* JoyfulSportsTests.m in Sources */ = {isa = PBXBuildFile; fileRef = D00FA61C19D4442C0000004A /* JoyfulSportsTests.m */; };
		D00FA62C19D445710000004A /* main.m in Sources */ = {isa = PBXBuildFile; fileRef = D00FA62919D445710000004A /* main.m */; };
		D00FA62D19D445710000004A /* YDAppDelegate.m in Sources */ = {isa = PBXBuildFile; fileRef = D00FA62B19D445710000004A /* YDAppDelegate.m */; };
		D00FA64719D447870000004A /* YDCourseViewController.m in Sources */ = {isa = PBXBuildFile; fileRef = D00FA64619D447870000004A /* YDCourseViewController.m */; };
		D00FA64A19D447990000004A /* YDMoreViewController.m in Sources */ = {isa = PBXBuildFile; fileRef = D00FA64919D447990000004A /* YDMoreViewController.m */; };
		D00FA64D19D447A70000004A /* YDPlanViewController.m in Sources */ = {isa = PBXBuildFile; fileRef = D00FA64C19D447A70000004A /* YDPlanViewController.m */; };
		D00FA65019D447B70000004A /* YDRecordViewController.m in Sources */ = {isa = PBXBuildFile; fileRef = D00FA64F19D447B70000004A /* YDRecordViewController.m */; };
		D00FA65319D447CB0000004A /* YDSportsViewController.m in Sources */ = {isa = PBXBuildFile; fileRef = D00FA65219D447CB0000004A /* YDSportsViewController.m */; };
		D00FA65619D4481C0000004A /* YDTabBarViewController.m in Sources */ = {isa = PBXBuildFile; fileRef = D00FA65519D4481C0000004A /* YDTabBarViewController.m */; };
		D00FA65919D4482F0000004A /* YDNavigationViewController.m in Sources */ = {isa = PBXBuildFile; fileRef = D00FA65819D4482F0000004A /* YDNavigationViewController.m */; };
		D00FA65E19D449370000004A /* YDTabBar.m in Sources */ = {isa = PBXBuildFile; fileRef = D00FA65B19D449370000004A /* YDTabBar.m */; };
		D00FA65F19D449370000004A /* YDTabBarButton.m in Sources */ = {isa = PBXBuildFile; fileRef = D00FA65D19D449370000004A /* YDTabBarButton.m */; };
		D00FA67019D458840000004A /* UIBarButtonItem+TZ.m in Sources */ = {isa = PBXBuildFile; fileRef = D00FA66B19D458840000004A /* UIBarButtonItem+TZ.m */; };
		D00FA67119D458840000004A /* UIImage+TZ.m in Sources */ = {isa = PBXBuildFile; fileRef = D00FA66D19D458840000004A /* UIImage+TZ.m */; };
		D00FA67219D458840000004A /* UIView+TZ.m in Sources */ = {isa = PBXBuildFile; fileRef = D00FA66F19D458840000004A /* UIView+TZ.m */; };
		D00FA67619D45CB60000004A /* CoreLocation.framework in Frameworks */ = {isa = PBXBuildFile; fileRef = D00FA67519D45CB60000004A /* CoreLocation.framework */; };
		D00FA67819D45CC20000004A /* QuartzCore.framework in Frameworks */ = {isa = PBXBuildFile; fileRef = D00FA67719D45CC20000004A /* QuartzCore.framework */; };
		D00FA67A19D45CD00000004A /* SystemConfiguration.framework in Frameworks */ = {isa = PBXBuildFile; fileRef = D00FA67919D45CD00000004A /* SystemConfiguration.framework */; };
		D00FA67C19D45CDC0000004A /* CoreTelephony.framework in Frameworks */ = {isa = PBXBuildFile; fileRef = D00FA67B19D45CDC0000004A /* CoreTelephony.framework */; };
		D00FA67E19D45CE70000004A /* libz.dylib in Frameworks */ = {isa = PBXBuildFile; fileRef = D00FA67D19D45CE70000004A /* libz.dylib */; };
		D00FA68019D45CFF0000004A /* OpenGLES.framework in Frameworks */ = {isa = PBXBuildFile; fileRef = D00FA67F19D45CFF0000004A /* OpenGLES.framework */; };
		D00FA68219D45D110000004A /* libstdc++.6.0.9.dylib in Frameworks */ = {isa = PBXBuildFile; fileRef = D00FA68119D45D110000004A /* libstdc++.6.0.9.dylib */; };
		D00FA68419D45D1C0000004A /* Security.framework in Frameworks */ = {isa = PBXBuildFile; fileRef = D00FA68319D45D1C0000004A /* Security.framework */; };
		D00FA68619D45D3A0000004A /* AMap.bundle in Resources */ = {isa = PBXBuildFile; fileRef = D00FA68519D45D3A0000004A /* AMap.bundle */; };
		D00FA6E319D52AFB0000004A /* MAMapKit.framework in Frameworks */ = {isa = PBXBuildFile; fileRef = D00FA6E219D52AFB0000004A /* MAMapKit.framework */; };
		D01D148F19D65DB2007E7FD0 /* YDSport.m in Sources */ = {isa = PBXBuildFile; fileRef = D01D148E19D65DB2007E7FD0 /* YDSport.m */; };
		D061D5EB19DA1A06003F1BD4 /* LoginSB.storyboard in Resources */ = {isa = PBXBuildFile; fileRef = D061D5EA19DA1A06003F1BD4 /* LoginSB.storyboard */; };
		D066CC2D19D5762F004704E5 /* DCPathButton.m in Sources */ = {isa = PBXBuildFile; fileRef = D066CC2419D5762E004704E5 /* DCPathButton.m */; };
		D066CC2E19D5762F004704E5 /* DCPathCenterButton.m in Sources */ = {isa = PBXBuildFile; fileRef = D066CC2619D5762E004704E5 /* DCPathCenterButton.m */; };
		D066CC2F19D5762F004704E5 /* DCPathItemButton.m in Sources */ = {isa = PBXBuildFile; fileRef = D066CC2819D5762E004704E5 /* DCPathItemButton.m */; };
		D066CC3019D5762F004704E5 /* bloom.caf in Resources */ = {isa = PBXBuildFile; fileRef = D066CC2A19D5762E004704E5 /* bloom.caf */; };
		D066CC3119D5762F004704E5 /* fold.caf in Resources */ = {isa = PBXBuildFile; fileRef = D066CC2B19D5762E004704E5 /* fold.caf */; };
		D066CC3219D5762F004704E5 /* selected.caf in Resources */ = {isa = PBXBuildFile; fileRef = D066CC2C19D5762E004704E5 /* selected.caf */; };
		D066CC3419D5763F004704E5 /* AudioToolbox.framework in Frameworks */ = {isa = PBXBuildFile; fileRef = D066CC3319D5763F004704E5 /* AudioToolbox.framework */; };
		D074EE0319D690D500A5EF05 /* YDMessageView.m in Sources */ = {isa = PBXBuildFile; fileRef = D074EE0219D690D500A5EF05 /* YDMessageView.m */; };
		D08790FE19DA50C90061800C /* YDNoRecordView.m in Sources */ = {isa = PBXBuildFile; fileRef = D08790FD19DA50C90061800C /* YDNoRecordView.m */; };
		D0D3D7AC19DE31FE009BF7D8 /* YDSportsController.m in Sources */ = {isa = PBXBuildFile; fileRef = D0D3D7AB19DE31FE009BF7D8 /* YDSportsController.m */; };
		D0D74F7419DE3013009A1D67 /* YDSportsSB.storyboard in Resources */ = {isa = PBXBuildFile; fileRef = D0D74F7319DE3013009A1D67 /* YDSportsSB.storyboard */; };
		D0EB540B19D64FBD0007F461 /* FMDatabase.m in Sources */ = {isa = PBXBuildFile; fileRef = D0EB540119D64FBD0007F461 /* FMDatabase.m */; };
		D0EB540C19D64FBD0007F461 /* FMDatabaseAdditions.m in Sources */ = {isa = PBXBuildFile; fileRef = D0EB540319D64FBD0007F461 /* FMDatabaseAdditions.m */; };
		D0EB540D19D64FBD0007F461 /* FMDatabasePool.m in Sources */ = {isa = PBXBuildFile; fileRef = D0EB540519D64FBD0007F461 /* FMDatabasePool.m */; };
		D0EB540E19D64FBD0007F461 /* FMDatabaseQueue.m in Sources */ = {isa = PBXBuildFile; fileRef = D0EB540719D64FBD0007F461 /* FMDatabaseQueue.m */; };
		D0EB540F19D64FBD0007F461 /* FMResultSet.m in Sources */ = {isa = PBXBuildFile; fileRef = D0EB540A19D64FBD0007F461 /* FMResultSet.m */; };
		D0EB541119D64FE40007F461 /* libsqlite3.0.dylib in Frameworks */ = {isa = PBXBuildFile; fileRef = D0EB541019D64FE30007F461 /* libsqlite3.0.dylib */; };
		D0EB541619D650580007F461 /* YDSportsTool.m in Sources */ = {isa = PBXBuildFile; fileRef = D0EB541519D650580007F461 /* YDSportsTool.m */; };
		D0EF43AA19D6EC100069851C /* YDTopMessageView.m in Sources */ = {isa = PBXBuildFile; fileRef = D0EF43A919D6EC100069851C /* YDTopMessageView.m */; };
		D0EF43B219D6F6A40069851C /* TTCounterLabel.m in Sources */ = {isa = PBXBuildFile; fileRef = D0EF43AE19D6F6A40069851C /* TTCounterLabel.m */; };
		D0EF43B319D6F6A40069851C /* TTTAttributedLabel.m in Sources */ = {isa = PBXBuildFile; fileRef = D0EF43B119D6F6A40069851C /* TTTAttributedLabel.m */; };
/* End PBXBuildFile section */

/* Begin PBXContainerItemProxy section */
		D00FA61419D4442C0000004A /* PBXContainerItemProxy */ = {
			isa = PBXContainerItemProxy;
			containerPortal = D00FA5EC19D4442B0000004A /* Project object */;
			proxyType = 1;
			remoteGlobalIDString = D00FA5F319D4442B0000004A;
			remoteInfo = JoyfulSports;
		};
/* End PBXContainerItemProxy section */

/* Begin PBXFileReference section */
		D0042BF919D78C5600E35483 /* YDLoginViewController.h */ = {isa = PBXFileReference; fileEncoding = 4; lastKnownFileType = sourcecode.c.h; path = YDLoginViewController.h; sourceTree = "<group>"; };
		D0042BFA19D78C5600E35483 /* YDLoginViewController.m */ = {isa = PBXFileReference; fileEncoding = 4; lastKnownFileType = sourcecode.c.objc; path = YDLoginViewController.m; sourceTree = "<group>"; };
		D0042BFC19D792B400E35483 /* YDUser.h */ = {isa = PBXFileReference; fileEncoding = 4; lastKnownFileType = sourcecode.c.h; path = YDUser.h; sourceTree = "<group>"; };
		D0042BFD19D792B400E35483 /* YDUser.m */ = {isa = PBXFileReference; fileEncoding = 4; lastKnownFileType = sourcecode.c.objc; path = YDUser.m; sourceTree = "<group>"; };
		D00FA5F419D4442B0000004A /* 悦动.app */ = {isa = PBXFileReference; explicitFileType = wrapper.application; includeInIndex = 0; path = "悦动.app"; sourceTree = BUILT_PRODUCTS_DIR; };
		D00FA5F719D4442B0000004A /* Foundation.framework */ = {isa = PBXFileReference; lastKnownFileType = wrapper.framework; name = Foundation.framework; path = System/Library/Frameworks/Foundation.framework; sourceTree = SDKROOT; };
		D00FA5F919D4442B0000004A /* CoreGraphics.framework */ = {isa = PBXFileReference; lastKnownFileType = wrapper.framework; name = CoreGraphics.framework; path = System/Library/Frameworks/CoreGraphics.framework; sourceTree = SDKROOT; };
		D00FA5FB19D4442B0000004A /* UIKit.framework */ = {isa = PBXFileReference; lastKnownFileType = wrapper.framework; name = UIKit.framework; path = System/Library/Frameworks/UIKit.framework; sourceTree = SDKROOT; };
		D00FA5FF19D4442B0000004A /* JoyfulSports-Info.plist */ = {isa = PBXFileReference; lastKnownFileType = text.plist.xml; path = "JoyfulSports-Info.plist"; sourceTree = "<group>"; };
		D00FA60119D4442B0000004A /* en */ = {isa = PBXFileReference; lastKnownFileType = text.plist.strings; name = en; path = en.lproj/InfoPlist.strings; sourceTree = "<group>"; };
		D00FA60519D4442B0000004A /* JoyfulSports-Prefix.pch */ = {isa = PBXFileReference; lastKnownFileType = sourcecode.c.h; path = "JoyfulSports-Prefix.pch"; sourceTree = "<group>"; };
		D00FA60919D4442B0000004A /* Images.xcassets */ = {isa = PBXFileReference; lastKnownFileType = folder.assetcatalog; path = Images.xcassets; sourceTree = "<group>"; };
		D00FA60F19D4442B0000004A /* JoyfulSportsTests.xctest */ = {isa = PBXFileReference; explicitFileType = wrapper.cfbundle; includeInIndex = 0; path = JoyfulSportsTests.xctest; sourceTree = BUILT_PRODUCTS_DIR; };
		D00FA61019D4442B0000004A /* XCTest.framework */ = {isa = PBXFileReference; lastKnownFileType = wrapper.framework; name = XCTest.framework; path = Library/Frameworks/XCTest.framework; sourceTree = DEVELOPER_DIR; };
		D00FA61819D4442C0000004A /* JoyfulSportsTests-Info.plist */ = {isa = PBXFileReference; lastKnownFileType = text.plist.xml; path = "JoyfulSportsTests-Info.plist"; sourceTree = "<group>"; };
		D00FA61A19D4442C0000004A /* en */ = {isa = PBXFileReference; lastKnownFileType = text.plist.strings; name = en; path = en.lproj/InfoPlist.strings; sourceTree = "<group>"; };
		D00FA61C19D4442C0000004A /* JoyfulSportsTests.m */ = {isa = PBXFileReference; lastKnownFileType = sourcecode.c.objc; path = JoyfulSportsTests.m; sourceTree = "<group>"; };
		D00FA62919D445710000004A /* main.m */ = {isa = PBXFileReference; fileEncoding = 4; lastKnownFileType = sourcecode.c.objc; path = main.m; sourceTree = "<group>"; };
		D00FA62A19D445710000004A /* YDAppDelegate.h */ = {isa = PBXFileReference; fileEncoding = 4; lastKnownFileType = sourcecode.c.h; path = YDAppDelegate.h; sourceTree = "<group>"; };
		D00FA62B19D445710000004A /* YDAppDelegate.m */ = {isa = PBXFileReference; fileEncoding = 4; lastKnownFileType = sourcecode.c.objc; path = YDAppDelegate.m; sourceTree = "<group>"; };
		D00FA64519D447870000004A /* YDCourseViewController.h */ = {isa = PBXFileReference; fileEncoding = 4; lastKnownFileType = sourcecode.c.h; path = YDCourseViewController.h; sourceTree = "<group>"; };
		D00FA64619D447870000004A /* YDCourseViewController.m */ = {isa = PBXFileReference; fileEncoding = 4; lastKnownFileType = sourcecode.c.objc; path = YDCourseViewController.m; sourceTree = "<group>"; };
		D00FA64819D447990000004A /* YDMoreViewController.h */ = {isa = PBXFileReference; fileEncoding = 4; lastKnownFileType = sourcecode.c.h; path = YDMoreViewController.h; sourceTree = "<group>"; };
		D00FA64919D447990000004A /* YDMoreViewController.m */ = {isa = PBXFileReference; fileEncoding = 4; lastKnownFileType = sourcecode.c.objc; path = YDMoreViewController.m; sourceTree = "<group>"; };
		D00FA64B19D447A70000004A /* YDPlanViewController.h */ = {isa = PBXFileReference; fileEncoding = 4; lastKnownFileType = sourcecode.c.h; path = YDPlanViewController.h; sourceTree = "<group>"; };
		D00FA64C19D447A70000004A /* YDPlanViewController.m */ = {isa = PBXFileReference; fileEncoding = 4; lastKnownFileType = sourcecode.c.objc; path = YDPlanViewController.m; sourceTree = "<group>"; };
		D00FA64E19D447B70000004A /* YDRecordViewController.h */ = {isa = PBXFileReference; fileEncoding = 4; lastKnownFileType = sourcecode.c.h; path = YDRecordViewController.h; sourceTree = "<group>"; };
		D00FA64F19D447B70000004A /* YDRecordViewController.m */ = {isa = PBXFileReference; fileEncoding = 4; lastKnownFileType = sourcecode.c.objc; path = YDRecordViewController.m; sourceTree = "<group>"; };
		D00FA65119D447CB0000004A /* YDSportsViewController.h */ = {isa = PBXFileReference; fileEncoding = 4; lastKnownFileType = sourcecode.c.h; path = YDSportsViewController.h; sourceTree = "<group>"; };
		D00FA65219D447CB0000004A /* YDSportsViewController.m */ = {isa = PBXFileReference; fileEncoding = 4; lastKnownFileType = sourcecode.c.objc; path = YDSportsViewController.m; sourceTree = "<group>"; };
		D00FA65419D4481C0000004A /* YDTabBarViewController.h */ = {isa = PBXFileReference; fileEncoding = 4; lastKnownFileType = sourcecode.c.h; path = YDTabBarViewController.h; sourceTree = "<group>"; };
		D00FA65519D4481C0000004A /* YDTabBarViewController.m */ = {isa = PBXFileReference; fileEncoding = 4; lastKnownFileType = sourcecode.c.objc; path = YDTabBarViewController.m; sourceTree = "<group>"; };
		D00FA65719D4482F0000004A /* YDNavigationViewController.h */ = {isa = PBXFileReference; fileEncoding = 4; lastKnownFileType = sourcecode.c.h; path = YDNavigationViewController.h; sourceTree = "<group>"; };
		D00FA65819D4482F0000004A /* YDNavigationViewController.m */ = {isa = PBXFileReference; fileEncoding = 4; lastKnownFileType = sourcecode.c.objc; path = YDNavigationViewController.m; sourceTree = "<group>"; };
		D00FA65A19D449370000004A /* YDTabBar.h */ = {isa = PBXFileReference; fileEncoding = 4; lastKnownFileType = sourcecode.c.h; path = YDTabBar.h; sourceTree = "<group>"; };
		D00FA65B19D449370000004A /* YDTabBar.m */ = {isa = PBXFileReference; fileEncoding = 4; lastKnownFileType = sourcecode.c.objc; path = YDTabBar.m; sourceTree = "<group>"; };
		D00FA65C19D449370000004A /* YDTabBarButton.h */ = {isa = PBXFileReference; fileEncoding = 4; lastKnownFileType = sourcecode.c.h; path = YDTabBarButton.h; sourceTree = "<group>"; };
		D00FA65D19D449370000004A /* YDTabBarButton.m */ = {isa = PBXFileReference; fileEncoding = 4; lastKnownFileType = sourcecode.c.objc; path = YDTabBarButton.m; sourceTree = "<group>"; };
		D00FA66A19D458840000004A /* UIBarButtonItem+TZ.h */ = {isa = PBXFileReference; fileEncoding = 4; lastKnownFileType = sourcecode.c.h; path = "UIBarButtonItem+TZ.h"; sourceTree = "<group>"; };
		D00FA66B19D458840000004A /* UIBarButtonItem+TZ.m */ = {isa = PBXFileReference; fileEncoding = 4; lastKnownFileType = sourcecode.c.objc; path = "UIBarButtonItem+TZ.m"; sourceTree = "<group>"; };
		D00FA66C19D458840000004A /* UIImage+TZ.h */ = {isa = PBXFileReference; fileEncoding = 4; lastKnownFileType = sourcecode.c.h; path = "UIImage+TZ.h"; sourceTree = "<group>"; };
		D00FA66D19D458840000004A /* UIImage+TZ.m */ = {isa = PBXFileReference; fileEncoding = 4; lastKnownFileType = sourcecode.c.objc; path = "UIImage+TZ.m"; sourceTree = "<group>"; };
		D00FA66E19D458840000004A /* UIView+TZ.h */ = {isa = PBXFileReference; fileEncoding = 4; lastKnownFileType = sourcecode.c.h; path = "UIView+TZ.h"; sourceTree = "<group>"; };
		D00FA66F19D458840000004A /* UIView+TZ.m */ = {isa = PBXFileReference; fileEncoding = 4; lastKnownFileType = sourcecode.c.objc; path = "UIView+TZ.m"; sourceTree = "<group>"; };
		D00FA67319D45C920000004A /* MAMapKit.framework */ = {isa = PBXFileReference; lastKnownFileType = wrapper.framework; name = MAMapKit.framework; path = "../../地图/AMap_iOS_API_V2/MAMapKit.framework"; sourceTree = "<group>"; };
		D00FA67519D45CB60000004A /* CoreLocation.framework */ = {isa = PBXFileReference; lastKnownFileType = wrapper.framework; name = CoreLocation.framework; path = System/Library/Frameworks/CoreLocation.framework; sourceTree = SDKROOT; };
		D00FA67719D45CC20000004A /* QuartzCore.framework */ = {isa = PBXFileReference; lastKnownFileType = wrapper.framework; name = QuartzCore.framework; path = System/Library/Frameworks/QuartzCore.framework; sourceTree = SDKROOT; };
		D00FA67919D45CD00000004A /* SystemConfiguration.framework */ = {isa = PBXFileReference; lastKnownFileType = wrapper.framework; name = SystemConfiguration.framework; path = System/Library/Frameworks/SystemConfiguration.framework; sourceTree = SDKROOT; };
		D00FA67B19D45CDC0000004A /* CoreTelephony.framework */ = {isa = PBXFileReference; lastKnownFileType = wrapper.framework; name = CoreTelephony.framework; path = System/Library/Frameworks/CoreTelephony.framework; sourceTree = SDKROOT; };
		D00FA67D19D45CE70000004A /* libz.dylib */ = {isa = PBXFileReference; lastKnownFileType = "compiled.mach-o.dylib"; name = libz.dylib; path = usr/lib/libz.dylib; sourceTree = SDKROOT; };
		D00FA67F19D45CFF0000004A /* OpenGLES.framework */ = {isa = PBXFileReference; lastKnownFileType = wrapper.framework; name = OpenGLES.framework; path = System/Library/Frameworks/OpenGLES.framework; sourceTree = SDKROOT; };
		D00FA68119D45D110000004A /* libstdc++.6.0.9.dylib */ = {isa = PBXFileReference; lastKnownFileType = "compiled.mach-o.dylib"; name = "libstdc++.6.0.9.dylib"; path = "usr/lib/libstdc++.6.0.9.dylib"; sourceTree = SDKROOT; };
		D00FA68319D45D1C0000004A /* Security.framework */ = {isa = PBXFileReference; lastKnownFileType = wrapper.framework; name = Security.framework; path = System/Library/Frameworks/Security.framework; sourceTree = SDKROOT; };
		D00FA68519D45D3A0000004A /* AMap.bundle */ = {isa = PBXFileReference; lastKnownFileType = "wrapper.plug-in"; name = AMap.bundle; path = ../AMap.bundle; sourceTree = "<group>"; };
		D00FA6E219D52AFB0000004A /* MAMapKit.framework */ = {isa = PBXFileReference; lastKnownFileType = wrapper.framework; path = MAMapKit.framework; sourceTree = "<group>"; };
		D01D148D19D65DB2007E7FD0 /* YDSport.h */ = {isa = PBXFileReference; fileEncoding = 4; lastKnownFileType = sourcecode.c.h; path = YDSport.h; sourceTree = "<group>"; };
		D01D148E19D65DB2007E7FD0 /* YDSport.m */ = {isa = PBXFileReference; fileEncoding = 4; lastKnownFileType = sourcecode.c.objc; path = YDSport.m; sourceTree = "<group>"; };
		D061D5EA19DA1A06003F1BD4 /* LoginSB.storyboard */ = {isa = PBXFileReference; fileEncoding = 4; lastKnownFileType = file.storyboard; name = LoginSB.storyboard; path = ../../../LoginSB.storyboard; sourceTree = "<group>"; };
		D066CC2319D5762E004704E5 /* DCPathButton.h */ = {isa = PBXFileReference; fileEncoding = 4; lastKnownFileType = sourcecode.c.h; path = DCPathButton.h; sourceTree = "<group>"; };
		D066CC2419D5762E004704E5 /* DCPathButton.m */ = {isa = PBXFileReference; fileEncoding = 4; lastKnownFileType = sourcecode.c.objc; path = DCPathButton.m; sourceTree = "<group>"; };
		D066CC2519D5762E004704E5 /* DCPathCenterButton.h */ = {isa = PBXFileReference; fileEncoding = 4; lastKnownFileType = sourcecode.c.h; path = DCPathCenterButton.h; sourceTree = "<group>"; };
		D066CC2619D5762E004704E5 /* DCPathCenterButton.m */ = {isa = PBXFileReference; fileEncoding = 4; lastKnownFileType = sourcecode.c.objc; path = DCPathCenterButton.m; sourceTree = "<group>"; };
		D066CC2719D5762E004704E5 /* DCPathItemButton.h */ = {isa = PBXFileReference; fileEncoding = 4; lastKnownFileType = sourcecode.c.h; path = DCPathItemButton.h; sourceTree = "<group>"; };
		D066CC2819D5762E004704E5 /* DCPathItemButton.m */ = {isa = PBXFileReference; fileEncoding = 4; lastKnownFileType = sourcecode.c.objc; path = DCPathItemButton.m; sourceTree = "<group>"; };
		D066CC2A19D5762E004704E5 /* bloom.caf */ = {isa = PBXFileReference; lastKnownFileType = file; path = bloom.caf; sourceTree = "<group>"; };
		D066CC2B19D5762E004704E5 /* fold.caf */ = {isa = PBXFileReference; lastKnownFileType = file; path = fold.caf; sourceTree = "<group>"; };
		D066CC2C19D5762E004704E5 /* selected.caf */ = {isa = PBXFileReference; lastKnownFileType = file; path = selected.caf; sourceTree = "<group>"; };
		D066CC3319D5763F004704E5 /* AudioToolbox.framework */ = {isa = PBXFileReference; lastKnownFileType = wrapper.framework; name = AudioToolbox.framework; path = System/Library/Frameworks/AudioToolbox.framework; sourceTree = SDKROOT; };
		D074EE0119D690D500A5EF05 /* YDMessageView.h */ = {isa = PBXFileReference; fileEncoding = 4; lastKnownFileType = sourcecode.c.h; path = YDMessageView.h; sourceTree = "<group>"; };
		D074EE0219D690D500A5EF05 /* YDMessageView.m */ = {isa = PBXFileReference; fileEncoding = 4; lastKnownFileType = sourcecode.c.objc; path = YDMessageView.m; sourceTree = "<group>"; };
		D08790FC19DA50C90061800C /* YDNoRecordView.h */ = {isa = PBXFileReference; fileEncoding = 4; lastKnownFileType = sourcecode.c.h; path = YDNoRecordView.h; sourceTree = "<group>"; };
		D08790FD19DA50C90061800C /* YDNoRecordView.m */ = {isa = PBXFileReference; fileEncoding = 4; lastKnownFileType = sourcecode.c.objc; path = YDNoRecordView.m; sourceTree = "<group>"; };
		D0D3D7AA19DE31FE009BF7D8 /* YDSportsController.h */ = {isa = PBXFileReference; fileEncoding = 4; lastKnownFileType = sourcecode.c.h; path = YDSportsController.h; sourceTree = "<group>"; };
		D0D3D7AB19DE31FE009BF7D8 /* YDSportsController.m */ = {isa = PBXFileReference; fileEncoding = 4; lastKnownFileType = sourcecode.c.objc; path = YDSportsController.m; sourceTree = "<group>"; };
		D0D74F7319DE3013009A1D67 /* YDSportsSB.storyboard */ = {isa = PBXFileReference; fileEncoding = 4; lastKnownFileType = file.storyboard; path = YDSportsSB.storyboard; sourceTree = "<group>"; };
		D0EB540019D64FBD0007F461 /* FMDatabase.h */ = {isa = PBXFileReference; fileEncoding = 4; lastKnownFileType = sourcecode.c.h; path = FMDatabase.h; sourceTree = "<group>"; };
		D0EB540119D64FBD0007F461 /* FMDatabase.m */ = {isa = PBXFileReference; fileEncoding = 4; lastKnownFileType = sourcecode.c.objc; path = FMDatabase.m; sourceTree = "<group>"; };
		D0EB540219D64FBD0007F461 /* FMDatabaseAdditions.h */ = {isa = PBXFileReference; fileEncoding = 4; lastKnownFileType = sourcecode.c.h; path = FMDatabaseAdditions.h; sourceTree = "<group>"; };
		D0EB540319D64FBD0007F461 /* FMDatabaseAdditions.m */ = {isa = PBXFileReference; fileEncoding = 4; lastKnownFileType = sourcecode.c.objc; path = FMDatabaseAdditions.m; sourceTree = "<group>"; };
		D0EB540419D64FBD0007F461 /* FMDatabasePool.h */ = {isa = PBXFileReference; fileEncoding = 4; lastKnownFileType = sourcecode.c.h; path = FMDatabasePool.h; sourceTree = "<group>"; };
		D0EB540519D64FBD0007F461 /* FMDatabasePool.m */ = {isa = PBXFileReference; fileEncoding = 4; lastKnownFileType = sourcecode.c.objc; path = FMDatabasePool.m; sourceTree = "<group>"; };
		D0EB540619D64FBD0007F461 /* FMDatabaseQueue.h */ = {isa = PBXFileReference; fileEncoding = 4; lastKnownFileType = sourcecode.c.h; path = FMDatabaseQueue.h; sourceTree = "<group>"; };
		D0EB540719D64FBD0007F461 /* FMDatabaseQueue.m */ = {isa = PBXFileReference; fileEncoding = 4; lastKnownFileType = sourcecode.c.objc; path = FMDatabaseQueue.m; sourceTree = "<group>"; };
		D0EB540819D64FBD0007F461 /* FMDB.h */ = {isa = PBXFileReference; fileEncoding = 4; lastKnownFileType = sourcecode.c.h; path = FMDB.h; sourceTree = "<group>"; };
		D0EB540919D64FBD0007F461 /* FMResultSet.h */ = {isa = PBXFileReference; fileEncoding = 4; lastKnownFileType = sourcecode.c.h; path = FMResultSet.h; sourceTree = "<group>"; };
		D0EB540A19D64FBD0007F461 /* FMResultSet.m */ = {isa = PBXFileReference; fileEncoding = 4; lastKnownFileType = sourcecode.c.objc; path = FMResultSet.m; sourceTree = "<group>"; };
		D0EB541019D64FE30007F461 /* libsqlite3.0.dylib */ = {isa = PBXFileReference; lastKnownFileType = "compiled.mach-o.dylib"; name = libsqlite3.0.dylib; path = usr/lib/libsqlite3.0.dylib; sourceTree = SDKROOT; };
		D0EB541419D650580007F461 /* YDSportsTool.h */ = {isa = PBXFileReference; fileEncoding = 4; lastKnownFileType = sourcecode.c.h; path = YDSportsTool.h; sourceTree = "<group>"; };
		D0EB541519D650580007F461 /* YDSportsTool.m */ = {isa = PBXFileReference; fileEncoding = 4; lastKnownFileType = sourcecode.c.objc; path = YDSportsTool.m; sourceTree = "<group>"; };
		D0EF43A819D6EC100069851C /* YDTopMessageView.h */ = {isa = PBXFileReference; fileEncoding = 4; lastKnownFileType = sourcecode.c.h; path = YDTopMessageView.h; sourceTree = "<group>"; };
		D0EF43A919D6EC100069851C /* YDTopMessageView.m */ = {isa = PBXFileReference; fileEncoding = 4; lastKnownFileType = sourcecode.c.objc; path = YDTopMessageView.m; sourceTree = "<group>"; };
		D0EF43AD19D6F6A40069851C /* TTCounterLabel.h */ = {isa = PBXFileReference; fileEncoding = 4; lastKnownFileType = sourcecode.c.h; path = TTCounterLabel.h; sourceTree = "<group>"; };
		D0EF43AE19D6F6A40069851C /* TTCounterLabel.m */ = {isa = PBXFileReference; fileEncoding = 4; lastKnownFileType = sourcecode.c.objc; path = TTCounterLabel.m; sourceTree = "<group>"; };
		D0EF43B019D6F6A40069851C /* TTTAttributedLabel.h */ = {isa = PBXFileReference; fileEncoding = 4; lastKnownFileType = sourcecode.c.h; path = TTTAttributedLabel.h; sourceTree = "<group>"; };
		D0EF43B119D6F6A40069851C /* TTTAttributedLabel.m */ = {isa = PBXFileReference; fileEncoding = 4; lastKnownFileType = sourcecode.c.objc; path = TTTAttributedLabel.m; sourceTree = "<group>"; };
/* End PBXFileReference section */

/* Begin PBXFrameworksBuildPhase section */
		D00FA5F119D4442B0000004A /* Frameworks */ = {
			isa = PBXFrameworksBuildPhase;
			buildActionMask = 2147483647;
			files = (
				D0EB541119D64FE40007F461 /* libsqlite3.0.dylib in Frameworks */,
				D066CC3419D5763F004704E5 /* AudioToolbox.framework in Frameworks */,
				D00FA68419D45D1C0000004A /* Security.framework in Frameworks */,
				D00FA68219D45D110000004A /* libstdc++.6.0.9.dylib in Frameworks */,
				D00FA68019D45CFF0000004A /* OpenGLES.framework in Frameworks */,
				D00FA67E19D45CE70000004A /* libz.dylib in Frameworks */,
				D00FA67C19D45CDC0000004A /* CoreTelephony.framework in Frameworks */,
				D00FA67A19D45CD00000004A /* SystemConfiguration.framework in Frameworks */,
				D00FA6E319D52AFB0000004A /* MAMapKit.framework in Frameworks */,
				D00FA67819D45CC20000004A /* QuartzCore.framework in Frameworks */,
				D00FA67619D45CB60000004A /* CoreLocation.framework in Frameworks */,
				D00FA5FA19D4442B0000004A /* CoreGraphics.framework in Frameworks */,
				D00FA5FC19D4442B0000004A /* UIKit.framework in Frameworks */,
				D00FA5F819D4442B0000004A /* Foundation.framework in Frameworks */,
			);
			runOnlyForDeploymentPostprocessing = 0;
		};
		D00FA60C19D4442B0000004A /* Frameworks */ = {
			isa = PBXFrameworksBuildPhase;
			buildActionMask = 2147483647;
			files = (
				D00FA61119D4442B0000004A /* XCTest.framework in Frameworks */,
				D00FA61319D4442C0000004A /* UIKit.framework in Frameworks */,
				D00FA61219D4442C0000004A /* Foundation.framework in Frameworks */,
			);
			runOnlyForDeploymentPostprocessing = 0;
		};
/* End PBXFrameworksBuildPhase section */

/* Begin PBXGroup section */
		D00FA5EB19D4442B0000004A = {
			isa = PBXGroup;
			children = (
				D00FA5FD19D4442B0000004A /* JoyfulSports */,
				D00FA61619D4442C0000004A /* JoyfulSportsTests */,
				D00FA5F619D4442B0000004A /* Frameworks */,
				D00FA5F519D4442B0000004A /* Products */,
			);
			sourceTree = "<group>";
		};
		D00FA5F519D4442B0000004A /* Products */ = {
			isa = PBXGroup;
			children = (
				D00FA5F419D4442B0000004A /* 悦动.app */,
				D00FA60F19D4442B0000004A /* JoyfulSportsTests.xctest */,
			);
			name = Products;
			sourceTree = "<group>";
		};
		D00FA5F619D4442B0000004A /* Frameworks */ = {
			isa = PBXGroup;
			children = (
				D0EB541019D64FE30007F461 /* libsqlite3.0.dylib */,
				D066CC3319D5763F004704E5 /* AudioToolbox.framework */,
				D00FA6E219D52AFB0000004A /* MAMapKit.framework */,
				D00FA68319D45D1C0000004A /* Security.framework */,
				D00FA68119D45D110000004A /* libstdc++.6.0.9.dylib */,
				D00FA67F19D45CFF0000004A /* OpenGLES.framework */,
				D00FA67D19D45CE70000004A /* libz.dylib */,
				D00FA67B19D45CDC0000004A /* CoreTelephony.framework */,
				D00FA67919D45CD00000004A /* SystemConfiguration.framework */,
				D00FA67719D45CC20000004A /* QuartzCore.framework */,
				D00FA67519D45CB60000004A /* CoreLocation.framework */,
				D00FA67319D45C920000004A /* MAMapKit.framework */,
				D00FA5F719D4442B0000004A /* Foundation.framework */,
				D00FA5F919D4442B0000004A /* CoreGraphics.framework */,
				D00FA5FB19D4442B0000004A /* UIKit.framework */,
				D00FA61019D4442B0000004A /* XCTest.framework */,
			);
			name = Frameworks;
			sourceTree = "<group>";
		};
		D00FA5FD19D4442B0000004A /* JoyfulSports */ = {
			isa = PBXGroup;
			children = (
				D00FA62619D445710000004A /* Classes */,
				D00FA5FE19D4442B0000004A /* Supporting Files */,
			);
			path = JoyfulSports;
			sourceTree = "<group>";
		};
		D00FA5FE19D4442B0000004A /* Supporting Files */ = {
			isa = PBXGroup;
			children = (
				D00FA68519D45D3A0000004A /* AMap.bundle */,
				D00FA60919D4442B0000004A /* Images.xcassets */,
				D00FA5FF19D4442B0000004A /* JoyfulSports-Info.plist */,
				D00FA60019D4442B0000004A /* InfoPlist.strings */,
				D00FA60519D4442B0000004A /* JoyfulSports-Prefix.pch */,
			);
			name = "Supporting Files";
			sourceTree = "<group>";
		};
		D00FA61619D4442C0000004A /* JoyfulSportsTests */ = {
			isa = PBXGroup;
			children = (
				D00FA61C19D4442C0000004A /* JoyfulSportsTests.m */,
				D00FA61719D4442C0000004A /* Supporting Files */,
			);
			path = JoyfulSportsTests;
			sourceTree = "<group>";
		};
		D00FA61719D4442C0000004A /* Supporting Files */ = {
			isa = PBXGroup;
			children = (
				D00FA61819D4442C0000004A /* JoyfulSportsTests-Info.plist */,
				D00FA61919D4442C0000004A /* InfoPlist.strings */,
			);
			name = "Supporting Files";
			sourceTree = "<group>";
		};
		D00FA62619D445710000004A /* Classes */ = {
			isa = PBXGroup;
			children = (
				D0EB541219D650160007F461 /* Tools */,
				D066CC2019D5760B004704E5 /* Lib */,
				D00FA63119D447410000004A /* Course */,
				D00FA63519D447410000004A /* More */,
				D00FA63919D447410000004A /* Plan */,
				D00FA63D19D447410000004A /* Record */,
				D00FA64119D447410000004A /* Sports */,
				D00FA62719D445710000004A /* Main */,
				D00FA62819D445710000004A /* Other */,
			);
			path = Classes;
			sourceTree = "<group>";
		};
		D00FA62719D445710000004A /* Main */ = {
			isa = PBXGroup;
			children = (
				D00FA66019D449F00000004A /* Category */,
				D00FA62E19D4465A0000004A /* Controller */,
				D00FA62F19D4465A0000004A /* Model */,
				D00FA63019D4465A0000004A /* View */,
			);
			path = Main;
			sourceTree = "<group>";
		};
		D00FA62819D445710000004A /* Other */ = {
			isa = PBXGroup;
			children = (
				D00FA62919D445710000004A /* main.m */,
				D00FA62A19D445710000004A /* YDAppDelegate.h */,
				D00FA62B19D445710000004A /* YDAppDelegate.m */,
			);
			path = Other;
			sourceTree = "<group>";
		};
		D00FA62E19D4465A0000004A /* Controller */ = {
			isa = PBXGroup;
			children = (
				D00FA65419D4481C0000004A /* YDTabBarViewController.h */,
				D00FA65519D4481C0000004A /* YDTabBarViewController.m */,
				D00FA65719D4482F0000004A /* YDNavigationViewController.h */,
				D00FA65819D4482F0000004A /* YDNavigationViewController.m */,
				D0042BF919D78C5600E35483 /* YDLoginViewController.h */,
				D0042BFA19D78C5600E35483 /* YDLoginViewController.m */,
				D061D5EA19DA1A06003F1BD4 /* LoginSB.storyboard */,
			);
			path = Controller;
			sourceTree = "<group>";
		};
		D00FA62F19D4465A0000004A /* Model */ = {
			isa = PBXGroup;
			children = (
				D0042BFC19D792B400E35483 /* YDUser.h */,
				D0042BFD19D792B400E35483 /* YDUser.m */,
			);
			path = Model;
			sourceTree = "<group>";
		};
		D00FA63019D4465A0000004A /* View */ = {
			isa = PBXGroup;
			children = (
				D00FA65A19D449370000004A /* YDTabBar.h */,
				D00FA65B19D449370000004A /* YDTabBar.m */,
				D00FA65C19D449370000004A /* YDTabBarButton.h */,
				D00FA65D19D449370000004A /* YDTabBarButton.m */,
			);
			path = View;
			sourceTree = "<group>";
		};
		D00FA63119D447410000004A /* Course */ = {
			isa = PBXGroup;
			children = (
				D00FA63219D447410000004A /* Controller */,
				D00FA63319D447410000004A /* Model */,
				D00FA63419D447410000004A /* View */,
			);
			path = Course;
			sourceTree = "<group>";
		};
		D00FA63219D447410000004A /* Controller */ = {
			isa = PBXGroup;
			children = (
				D00FA64519D447870000004A /* YDCourseViewController.h */,
				D00FA64619D447870000004A /* YDCourseViewController.m */,
			);
			path = Controller;
			sourceTree = "<group>";
		};
		D00FA63319D447410000004A /* Model */ = {
			isa = PBXGroup;
			children = (
			);
			path = Model;
			sourceTree = "<group>";
		};
		D00FA63419D447410000004A /* View */ = {
			isa = PBXGroup;
			children = (
			);
			path = View;
			sourceTree = "<group>";
		};
		D00FA63519D447410000004A /* More */ = {
			isa = PBXGroup;
			children = (
				D00FA63619D447410000004A /* Controller */,
				D00FA63719D447410000004A /* Model */,
				D00FA63819D447410000004A /* View */,
			);
			path = More;
			sourceTree = "<group>";
		};
		D00FA63619D447410000004A /* Controller */ = {
			isa = PBXGroup;
			children = (
				D00FA64819D447990000004A /* YDMoreViewController.h */,
				D00FA64919D447990000004A /* YDMoreViewController.m */,
			);
			path = Controller;
			sourceTree = "<group>";
		};
		D00FA63719D447410000004A /* Model */ = {
			isa = PBXGroup;
			children = (
			);
			path = Model;
			sourceTree = "<group>";
		};
		D00FA63819D447410000004A /* View */ = {
			isa = PBXGroup;
			children = (
			);
			path = View;
			sourceTree = "<group>";
		};
		D00FA63919D447410000004A /* Plan */ = {
			isa = PBXGroup;
			children = (
				D00FA63A19D447410000004A /* Controller */,
				D00FA63B19D447410000004A /* Model */,
				D00FA63C19D447410000004A /* View */,
			);
			path = Plan;
			sourceTree = "<group>";
		};
		D00FA63A19D447410000004A /* Controller */ = {
			isa = PBXGroup;
			children = (
				D00FA64B19D447A70000004A /* YDPlanViewController.h */,
				D00FA64C19D447A70000004A /* YDPlanViewController.m */,
			);
			path = Controller;
			sourceTree = "<group>";
		};
		D00FA63B19D447410000004A /* Model */ = {
			isa = PBXGroup;
			children = (
			);
			path = Model;
			sourceTree = "<group>";
		};
		D00FA63C19D447410000004A /* View */ = {
			isa = PBXGroup;
			children = (
			);
			path = View;
			sourceTree = "<group>";
		};
		D00FA63D19D447410000004A /* Record */ = {
			isa = PBXGroup;
			children = (
				D00FA63E19D447410000004A /* Controller */,
				D00FA63F19D447410000004A /* Model */,
				D00FA64019D447410000004A /* View */,
			);
			path = Record;
			sourceTree = "<group>";
		};
		D00FA63E19D447410000004A /* Controller */ = {
			isa = PBXGroup;
			children = (
				D00FA64E19D447B70000004A /* YDRecordViewController.h */,
				D00FA64F19D447B70000004A /* YDRecordViewController.m */,
			);
			path = Controller;
			sourceTree = "<group>";
		};
		D00FA63F19D447410000004A /* Model */ = {
			isa = PBXGroup;
			children = (
			);
			path = Model;
			sourceTree = "<group>";
		};
		D00FA64019D447410000004A /* View */ = {
			isa = PBXGroup;
			children = (
				D08790FC19DA50C90061800C /* YDNoRecordView.h */,
				D08790FD19DA50C90061800C /* YDNoRecordView.m */,
			);
			path = View;
			sourceTree = "<group>";
		};
		D00FA64119D447410000004A /* Sports */ = {
			isa = PBXGroup;
			children = (
				D00FA64219D447410000004A /* Controller */,
				D00FA64319D447410000004A /* Model */,
				D00FA64419D447410000004A /* View */,
			);
			path = Sports;
			sourceTree = "<group>";
		};
		D00FA64219D447410000004A /* Controller */ = {
			isa = PBXGroup;
			children = (
				D00FA65119D447CB0000004A /* YDSportsViewController.h */,
				D00FA65219D447CB0000004A /* YDSportsViewController.m */,
				D0D74F7319DE3013009A1D67 /* YDSportsSB.storyboard */,
				D0D3D7AA19DE31FE009BF7D8 /* YDSportsController.h */,
				D0D3D7AB19DE31FE009BF7D8 /* YDSportsController.m */,
			);
			path = Controller;
			sourceTree = "<group>";
		};
		D00FA64319D447410000004A /* Model */ = {
			isa = PBXGroup;
			children = (
				D01D148D19D65DB2007E7FD0 /* YDSport.h */,
				D01D148E19D65DB2007E7FD0 /* YDSport.m */,
			);
			path = Model;
			sourceTree = "<group>";
		};
		D00FA64419D447410000004A /* View */ = {
			isa = PBXGroup;
			children = (
				D074EE0119D690D500A5EF05 /* YDMessageView.h */,
				D074EE0219D690D500A5EF05 /* YDMessageView.m */,
				D0EF43A819D6EC100069851C /* YDTopMessageView.h */,
				D0EF43A919D6EC100069851C /* YDTopMessageView.m */,
			);
			path = View;
			sourceTree = "<group>";
		};
		D00FA66019D449F00000004A /* Category */ = {
			isa = PBXGroup;
			children = (
				D00FA66A19D458840000004A /* UIBarButtonItem+TZ.h */,
				D00FA66B19D458840000004A /* UIBarButtonItem+TZ.m */,
				D00FA66C19D458840000004A /* UIImage+TZ.h */,
				D00FA66D19D458840000004A /* UIImage+TZ.m */,
				D00FA66E19D458840000004A /* UIView+TZ.h */,
				D00FA66F19D458840000004A /* UIView+TZ.m */,
			);
			path = Category;
			sourceTree = "<group>";
		};
		D066CC2019D5760B004704E5 /* Lib */ = {
			isa = PBXGroup;
			children = (
				D0EB53FF19D64FBD0007F461 /* fmdb */,
				D066CC2119D5762E004704E5 /* DCPathButton */,
			);
			path = Lib;
			sourceTree = "<group>";
		};
		D066CC2119D5762E004704E5 /* DCPathButton */ = {
			isa = PBXGroup;
			children = (
				D066CC2219D5762E004704E5 /* Classes */,
				D066CC2919D5762E004704E5 /* Sounds */,
			);
			path = DCPathButton;
			sourceTree = "<group>";
		};
		D066CC2219D5762E004704E5 /* Classes */ = {
			isa = PBXGroup;
			children = (
				D066CC2319D5762E004704E5 /* DCPathButton.h */,
				D066CC2419D5762E004704E5 /* DCPathButton.m */,
				D066CC2519D5762E004704E5 /* DCPathCenterButton.h */,
				D066CC2619D5762E004704E5 /* DCPathCenterButton.m */,
				D066CC2719D5762E004704E5 /* DCPathItemButton.h */,
				D066CC2819D5762E004704E5 /* DCPathItemButton.m */,
			);
			path = Classes;
			sourceTree = "<group>";
		};
		D066CC2919D5762E004704E5 /* Sounds */ = {
			isa = PBXGroup;
			children = (
				D066CC2A19D5762E004704E5 /* bloom.caf */,
				D066CC2B19D5762E004704E5 /* fold.caf */,
				D066CC2C19D5762E004704E5 /* selected.caf */,
			);
			path = Sounds;
			sourceTree = "<group>";
		};
		D0EB53FF19D64FBD0007F461 /* fmdb */ = {
			isa = PBXGroup;
			children = (
				D0EB540019D64FBD0007F461 /* FMDatabase.h */,
				D0EB540119D64FBD0007F461 /* FMDatabase.m */,
				D0EB540219D64FBD0007F461 /* FMDatabaseAdditions.h */,
				D0EB540319D64FBD0007F461 /* FMDatabaseAdditions.m */,
				D0EB540419D64FBD0007F461 /* FMDatabasePool.h */,
				D0EB540519D64FBD0007F461 /* FMDatabasePool.m */,
				D0EB540619D64FBD0007F461 /* FMDatabaseQueue.h */,
				D0EB540719D64FBD0007F461 /* FMDatabaseQueue.m */,
				D0EB540819D64FBD0007F461 /* FMDB.h */,
				D0EB540919D64FBD0007F461 /* FMResultSet.h */,
				D0EB540A19D64FBD0007F461 /* FMResultSet.m */,
			);
			path = fmdb;
			sourceTree = "<group>";
		};
		D0EB541219D650160007F461 /* Tools */ = {
			isa = PBXGroup;
			children = (
				D0EF43AB19D6F6A40069851C /* TimeLabel */,
				D0EB541319D650160007F461 /* DBTools */,
			);
			path = Tools;
			sourceTree = "<group>";
		};
		D0EB541319D650160007F461 /* DBTools */ = {
			isa = PBXGroup;
			children = (
				D0EB541419D650580007F461 /* YDSportsTool.h */,
				D0EB541519D650580007F461 /* YDSportsTool.m */,
			);
			path = DBTools;
			sourceTree = "<group>";
		};
		D0EF43AB19D6F6A40069851C /* TimeLabel */ = {
			isa = PBXGroup;
			children = (
				D0EF43AC19D6F6A40069851C /* TTCounterLabel */,
				D0EF43AF19D6F6A40069851C /* TTTAttributedLabel */,
			);
			path = TimeLabel;
			sourceTree = "<group>";
		};
		D0EF43AC19D6F6A40069851C /* TTCounterLabel */ = {
			isa = PBXGroup;
			children = (
				D0EF43AD19D6F6A40069851C /* TTCounterLabel.h */,
				D0EF43AE19D6F6A40069851C /* TTCounterLabel.m */,
			);
			path = TTCounterLabel;
			sourceTree = "<group>";
		};
		D0EF43AF19D6F6A40069851C /* TTTAttributedLabel */ = {
			isa = PBXGroup;
			children = (
				D0EF43B019D6F6A40069851C /* TTTAttributedLabel.h */,
				D0EF43B119D6F6A40069851C /* TTTAttributedLabel.m */,
			);
			path = TTTAttributedLabel;
			sourceTree = "<group>";
		};
/* End PBXGroup section */

/* Begin PBXNativeTarget section */
		D00FA5F319D4442B0000004A /* JoyfulSports */ = {
			isa = PBXNativeTarget;
			buildConfigurationList = D00FA62019D4442C0000004A /* Build configuration list for PBXNativeTarget "JoyfulSports" */;
			buildPhases = (
				D00FA5F019D4442B0000004A /* Sources */,
				D00FA5F119D4442B0000004A /* Frameworks */,
				D00FA5F219D4442B0000004A /* Resources */,
			);
			buildRules = (
			);
			dependencies = (
			);
			name = JoyfulSports;
			productName = JoyfulSports;
			productReference = D00FA5F419D4442B0000004A /* 悦动.app */;
			productType = "com.apple.product-type.application";
		};
		D00FA60E19D4442B0000004A /* JoyfulSportsTests */ = {
			isa = PBXNativeTarget;
			buildConfigurationList = D00FA62319D4442C0000004A /* Build configuration list for PBXNativeTarget "JoyfulSportsTests" */;
			buildPhases = (
				D00FA60B19D4442B0000004A /* Sources */,
				D00FA60C19D4442B0000004A /* Frameworks */,
				D00FA60D19D4442B0000004A /* Resources */,
			);
			buildRules = (
			);
			dependencies = (
				D00FA61519D4442C0000004A /* PBXTargetDependency */,
			);
			name = JoyfulSportsTests;
			productName = JoyfulSportsTests;
			productReference = D00FA60F19D4442B0000004A /* JoyfulSportsTests.xctest */;
			productType = "com.apple.product-type.bundle.unit-test";
		};
/* End PBXNativeTarget section */

/* Begin PBXProject section */
		D00FA5EC19D4442B0000004A /* Project object */ = {
			isa = PBXProject;
			attributes = {
				CLASSPREFIX = YD;
				LastUpgradeCheck = 0510;
				ORGANIZATIONNAME = Banana;
				TargetAttributes = {
					D00FA60E19D4442B0000004A = {
						TestTargetID = D00FA5F319D4442B0000004A;
					};
				};
			};
			buildConfigurationList = D00FA5EF19D4442B0000004A /* Build configuration list for PBXProject "JoyfulSports" */;
			compatibilityVersion = "Xcode 3.2";
			developmentRegion = English;
			hasScannedForEncodings = 0;
			knownRegions = (
				en,
			);
			mainGroup = D00FA5EB19D4442B0000004A;
			productRefGroup = D00FA5F519D4442B0000004A /* Products */;
			projectDirPath = "";
			projectRoot = "";
			targets = (
				D00FA5F319D4442B0000004A /* JoyfulSports */,
				D00FA60E19D4442B0000004A /* JoyfulSportsTests */,
			);
		};
/* End PBXProject section */

/* Begin PBXResourcesBuildPhase section */
		D00FA5F219D4442B0000004A /* Resources */ = {
			isa = PBXResourcesBuildPhase;
			buildActionMask = 2147483647;
			files = (
				D00FA68619D45D3A0000004A /* AMap.bundle in Resources */,
				D066CC3219D5762F004704E5 /* selected.caf in Resources */,
				D00FA60219D4442B0000004A /* InfoPlist.strings in Resources */,
				D066CC3019D5762F004704E5 /* bloom.caf in Resources */,
				D066CC3119D5762F004704E5 /* fold.caf in Resources */,
				D0D74F7419DE3013009A1D67 /* YDSportsSB.storyboard in Resources */,
				D061D5EB19DA1A06003F1BD4 /* LoginSB.storyboard in Resources */,
				D00FA60A19D4442B0000004A /* Images.xcassets in Resources */,
			);
			runOnlyForDeploymentPostprocessing = 0;
		};
		D00FA60D19D4442B0000004A /* Resources */ = {
			isa = PBXResourcesBuildPhase;
			buildActionMask = 2147483647;
			files = (
				D00FA61B19D4442C0000004A /* InfoPlist.strings in Resources */,
			);
			runOnlyForDeploymentPostprocessing = 0;
		};
/* End PBXResourcesBuildPhase section */

/* Begin PBXSourcesBuildPhase section */
		D00FA5F019D4442B0000004A /* Sources */ = {
			isa = PBXSourcesBuildPhase;
			buildActionMask = 2147483647;
			files = (
				D066CC2E19D5762F004704E5 /* DCPathCenterButton.m in Sources */,
				D00FA65319D447CB0000004A /* YDSportsViewController.m in Sources */,
				D0EF43AA19D6EC100069851C /* YDTopMessageView.m in Sources */,
				D0EF43B219D6F6A40069851C /* TTCounterLabel.m in Sources */,
				D00FA67119D458840000004A /* UIImage+TZ.m in Sources */,
				D0EB540B19D64FBD0007F461 /* FMDatabase.m in Sources */,
				D00FA67219D458840000004A /* UIView+TZ.m in Sources */,
				D066CC2D19D5762F004704E5 /* DCPathButton.m in Sources */,
				D00FA65F19D449370000004A /* YDTabBarButton.m in Sources */,
				D00FA64A19D447990000004A /* YDMoreViewController.m in Sources */,
				D0EB540F19D64FBD0007F461 /* FMResultSet.m in Sources */,
				D00FA62C19D445710000004A /* main.m in Sources */,
				D00FA65619D4481C0000004A /* YDTabBarViewController.m in Sources */,
				D00FA65019D447B70000004A /* YDRecordViewController.m in Sources */,
				D00FA67019D458840000004A /* UIBarButtonItem+TZ.m in Sources */,
				D00FA65919D4482F0000004A /* YDNavigationViewController.m in Sources */,
				D00FA62D19D445710000004A /* YDAppDelegate.m in Sources */,
				D0042BFB19D78C5600E35483 /* YDLoginViewController.m in Sources */,
				D00FA64719D447870000004A /* YDCourseViewController.m in Sources */,
				D074EE0319D690D500A5EF05 /* YDMessageView.m in Sources */,
				D0EB540C19D64FBD0007F461 /* FMDatabaseAdditions.m in Sources */,
				D01D148F19D65DB2007E7FD0 /* YDSport.m in Sources */,
				D066CC2F19D5762F004704E5 /* DCPathItemButton.m in Sources */,
				D0EB540E19D64FBD0007F461 /* FMDatabaseQueue.m in Sources */,
				D0EF43B319D6F6A40069851C /* TTTAttributedLabel.m in Sources */,
				D0EB540D19D64FBD0007F461 /* FMDatabasePool.m in Sources */,
				D0EB541619D650580007F461 /* YDSportsTool.m in Sources */,
				D0D3D7AC19DE31FE009BF7D8 /* YDSportsController.m in Sources */,
				D0042BFE19D792B400E35483 /* YDUser.m in Sources */,
				D00FA64D19D447A70000004A /* YDPlanViewController.m in Sources */,
				D00FA65E19D449370000004A /* YDTabBar.m in Sources */,
				D08790FE19DA50C90061800C /* YDNoRecordView.m in Sources */,
			);
			runOnlyForDeploymentPostprocessing = 0;
		};
		D00FA60B19D4442B0000004A /* Sources */ = {
			isa = PBXSourcesBuildPhase;
			buildActionMask = 2147483647;
			files = (
				D00FA61D19D4442C0000004A /* JoyfulSportsTests.m in Sources */,
			);
			runOnlyForDeploymentPostprocessing = 0;
		};
/* End PBXSourcesBuildPhase section */

/* Begin PBXTargetDependency section */
		D00FA61519D4442C0000004A /* PBXTargetDependency */ = {
			isa = PBXTargetDependency;
			target = D00FA5F319D4442B0000004A /* JoyfulSports */;
			targetProxy = D00FA61419D4442C0000004A /* PBXContainerItemProxy */;
		};
/* End PBXTargetDependency section */

/* Begin PBXVariantGroup section */
		D00FA60019D4442B0000004A /* InfoPlist.strings */ = {
			isa = PBXVariantGroup;
			children = (
				D00FA60119D4442B0000004A /* en */,
			);
			name = InfoPlist.strings;
			sourceTree = "<group>";
		};
		D00FA61919D4442C0000004A /* InfoPlist.strings */ = {
			isa = PBXVariantGroup;
			children = (
				D00FA61A19D4442C0000004A /* en */,
			);
			name = InfoPlist.strings;
			sourceTree = "<group>";
		};
/* End PBXVariantGroup section */

/* Begin XCBuildConfiguration section */
		D00FA61E19D4442C0000004A /* Debug */ = {
			isa = XCBuildConfiguration;
			buildSettings = {
				ALWAYS_SEARCH_USER_PATHS = NO;
				CLANG_CXX_LANGUAGE_STANDARD = "gnu++0x";
				CLANG_CXX_LIBRARY = "libc++";
				CLANG_ENABLE_MODULES = YES;
				CLANG_ENABLE_OBJC_ARC = YES;
				CLANG_WARN_BOOL_CONVERSION = YES;
				CLANG_WARN_CONSTANT_CONVERSION = YES;
				CLANG_WARN_DIRECT_OBJC_ISA_USAGE = YES_ERROR;
				CLANG_WARN_EMPTY_BODY = YES;
				CLANG_WARN_ENUM_CONVERSION = YES;
				CLANG_WARN_INT_CONVERSION = YES;
				CLANG_WARN_OBJC_ROOT_CLASS = YES_ERROR;
				CLANG_WARN__DUPLICATE_METHOD_MATCH = YES;
				"CODE_SIGN_IDENTITY[sdk=iphoneos*]" = "iPhone Developer";
				COPY_PHASE_STRIP = NO;
				GCC_C_LANGUAGE_STANDARD = gnu99;
				GCC_DYNAMIC_NO_PIC = NO;
				GCC_OPTIMIZATION_LEVEL = 0;
				GCC_PREPROCESSOR_DEFINITIONS = (
					"DEBUG=1",
					"$(inherited)",
				);
				GCC_SYMBOLS_PRIVATE_EXTERN = NO;
				GCC_WARN_64_TO_32_BIT_CONVERSION = YES;
				GCC_WARN_ABOUT_RETURN_TYPE = YES_ERROR;
				GCC_WARN_UNDECLARED_SELECTOR = YES;
				GCC_WARN_UNINITIALIZED_AUTOS = YES_AGGRESSIVE;
				GCC_WARN_UNUSED_FUNCTION = YES;
				GCC_WARN_UNUSED_VARIABLE = YES;
				IPHONEOS_DEPLOYMENT_TARGET = 7.1;
				ONLY_ACTIVE_ARCH = YES;
				SDKROOT = iphoneos8.0;
			};
			name = Debug;
		};
		D00FA61F19D4442C0000004A /* Release */ = {
			isa = XCBuildConfiguration;
			buildSettings = {
				ALWAYS_SEARCH_USER_PATHS = NO;
				CLANG_CXX_LANGUAGE_STANDARD = "gnu++0x";
				CLANG_CXX_LIBRARY = "libc++";
				CLANG_ENABLE_MODULES = YES;
				CLANG_ENABLE_OBJC_ARC = YES;
				CLANG_WARN_BOOL_CONVERSION = YES;
				CLANG_WARN_CONSTANT_CONVERSION = YES;
				CLANG_WARN_DIRECT_OBJC_ISA_USAGE = YES_ERROR;
				CLANG_WARN_EMPTY_BODY = YES;
				CLANG_WARN_ENUM_CONVERSION = YES;
				CLANG_WARN_INT_CONVERSION = YES;
				CLANG_WARN_OBJC_ROOT_CLASS = YES_ERROR;
				CLANG_WARN__DUPLICATE_METHOD_MATCH = YES;
				"CODE_SIGN_IDENTITY[sdk=iphoneos*]" = "iPhone Developer";
				COPY_PHASE_STRIP = YES;
				ENABLE_NS_ASSERTIONS = NO;
				GCC_C_LANGUAGE_STANDARD = gnu99;
				GCC_WARN_64_TO_32_BIT_CONVERSION = YES;
				GCC_WARN_ABOUT_RETURN_TYPE = YES_ERROR;
				GCC_WARN_UNDECLARED_SELECTOR = YES;
				GCC_WARN_UNINITIALIZED_AUTOS = YES_AGGRESSIVE;
				GCC_WARN_UNUSED_FUNCTION = YES;
				GCC_WARN_UNUSED_VARIABLE = YES;
				IPHONEOS_DEPLOYMENT_TARGET = 7.1;
				SDKROOT = iphoneos8.0;
				VALIDATE_PRODUCT = YES;
			};
			name = Release;
		};
		D00FA62119D4442C0000004A /* Debug */ = {
			isa = XCBuildConfiguration;
			buildSettings = {
				ARCHS = "$(ARCHS_STANDARD_32_BIT)";
				ASSETCATALOG_COMPILER_APPICON_NAME = AppIcon;
				ASSETCATALOG_COMPILER_LAUNCHIMAGE_NAME = LaunchImage;
				FRAMEWORK_SEARCH_PATHS = (
					"$(inherited)",
					"/Users/macbookair/Desktop/地图/AMap_iOS_API_V2",
					"$(PROJECT_DIR)",
				);
				GCC_PRECOMPILE_PREFIX_HEADER = YES;
				GCC_PREFIX_HEADER = "JoyfulSports/JoyfulSports-Prefix.pch";
				INFOPLIST_FILE = "JoyfulSports/JoyfulSports-Info.plist";
				IPHONEOS_DEPLOYMENT_TARGET = 7.1;
				OTHER_LDFLAGS = "-ObjC";
				PRODUCT_NAME = "悦动";
				WRAPPER_EXTENSION = app;
			};
			name = Debug;
		};
		D00FA62219D4442C0000004A /* Release */ = {
			isa = XCBuildConfiguration;
			buildSettings = {
				ARCHS = "$(ARCHS_STANDARD_32_BIT)";
				ASSETCATALOG_COMPILER_APPICON_NAME = AppIcon;
				ASSETCATALOG_COMPILER_LAUNCHIMAGE_NAME = LaunchImage;
				FRAMEWORK_SEARCH_PATHS = (
					"$(inherited)",
					"/Users/macbookair/Desktop/地图/AMap_iOS_API_V2",
					"$(PROJECT_DIR)",
				);
				GCC_PRECOMPILE_PREFIX_HEADER = YES;
				GCC_PREFIX_HEADER = "JoyfulSports/JoyfulSports-Prefix.pch";
				INFOPLIST_FILE = "JoyfulSports/JoyfulSports-Info.plist";
				IPHONEOS_DEPLOYMENT_TARGET = 7.1;
				OTHER_LDFLAGS = "-ObjC";
				PRODUCT_NAME = "$(TARGET_NAME)";
				WRAPPER_EXTENSION = app;
			};
			name = Release;
		};
		D00FA62419D4442C0000004A /* Debug */ = {
			isa = XCBuildConfiguration;
			buildSettings = {
				BUNDLE_LOADER = "$(BUILT_PRODUCTS_DIR)/JoyfulSports.app/JoyfulSports";
				FRAMEWORK_SEARCH_PATHS = (
					"$(SDKROOT)/Developer/Library/Frameworks",
					"$(inherited)",
					"$(DEVELOPER_FRAMEWORKS_DIR)",
				);
				GCC_PRECOMPILE_PREFIX_HEADER = YES;
				GCC_PREFIX_HEADER = "JoyfulSports/JoyfulSports-Prefix.pch";
				GCC_PREPROCESSOR_DEFINITIONS = (
					"DEBUG=1",
					"$(inherited)",
				);
				INFOPLIST_FILE = "JoyfulSportsTests/JoyfulSportsTests-Info.plist";
				PRODUCT_NAME = "$(TARGET_NAME)";
				TEST_HOST = "$(BUNDLE_LOADER)";
				WRAPPER_EXTENSION = xctest;
			};
			name = Debug;
		};
		D00FA62519D4442C0000004A /* Release */ = {
			isa = XCBuildConfiguration;
			buildSettings = {
				BUNDLE_LOADER = "$(BUILT_PRODUCTS_DIR)/JoyfulSports.app/JoyfulSports";
				FRAMEWORK_SEARCH_PATHS = (
					"$(SDKROOT)/Developer/Library/Frameworks",
					"$(inherited)",
					"$(DEVELOPER_FRAMEWORKS_DIR)",
				);
				GCC_PRECOMPILE_PREFIX_HEADER = YES;
				GCC_PREFIX_HEADER = "JoyfulSports/JoyfulSports-Prefix.pch";
				INFOPLIST_FILE = "JoyfulSportsTests/JoyfulSportsTests-Info.plist";
				PRODUCT_NAME = "$(TARGET_NAME)";
				TEST_HOST = "$(BUNDLE_LOADER)";
				WRAPPER_EXTENSION = xctest;
			};
			name = Release;
		};
/* End XCBuildConfiguration section */

/* Begin XCConfigurationList section */
		D00FA5EF19D4442B0000004A /* Build configuration list for PBXProject "JoyfulSports" */ = {
			isa = XCConfigurationList;
			buildConfigurations = (
				D00FA61E19D4442C0000004A /* Debug */,
				D00FA61F19D4442C0000004A /* Release */,
			);
			defaultConfigurationIsVisible = 0;
			defaultConfigurationName = Release;
		};
		D00FA62019D4442C0000004A /* Build configuration list for PBXNativeTarget "JoyfulSports" */ = {
			isa = XCConfigurationList;
			buildConfigurations = (
				D00FA62119D4442C0000004A /* Debug */,
				D00FA62219D4442C0000004A /* Release */,
			);
			defaultConfigurationIsVisible = 0;
			defaultConfigurationName = Release;
		};
		D00FA62319D4442C0000004A /* Build configuration list for PBXNativeTarget "JoyfulSportsTests" */ = {
			isa = XCConfigurationList;
			buildConfigurations = (
				D00FA62419D4442C0000004A /* Debug */,
				D00FA62519D4442C0000004A /* Release */,
			);
			defaultConfigurationIsVisible = 0;
			defaultConfigurationName = Release;
		};
/* End XCConfigurationList section */
	};
	rootObject = D00FA5EC19D4442B0000004A /* Project object */;
}
